
Microsoft Visual Studio Solution File, Format Version 12.00
# Visual Studio 15
Project("{FAE04EC0-301F-11D3-BF4B-00C04F79EFBC}") = "CSHARP_IN_ONE_DAY_CHAPTERS", "CSHARP_IN_ONE_DAY_CHAPTERS.csproj", "{DAE2FA1F-135A-4B19-AACB-27DCA82D8A95}"
EndProject
Project("{2150E333-8FDC-42A3-9474-1A3956D46DE8}") = "Solution Items", "Solution Items", "{6540D79C-38E9-4FF1-9825-4876FD03D11F}"
	ProjectSection(SolutionItems) = preProject
		myReadFile.txt = myReadFile.txt
	EndProjectSection
EndProject
Global
	GlobalSection(SolutionConfigurationPlatforms) = preSolution
		Debug|Any CPU = Debug|Any CPU
		Release|Any CPU = Release|Any CPU
	EndGlobalSection
	GlobalSection(ProjectConfigurationPlatforms) = postSolution
		{DAE2FA1F-135A-4B19-AACB-27DCA82D8A95}.Debug|Any CPU.ActiveCfg = Debug|Any CPU
		{DAE2FA1F-135A-4B19-AACB-27DCA82D8A95}.Debug|Any CPU.Build.0 = Debug|Any CPU
		{DAE2FA1F-135A-4B19-AACB-27DCA82D8A95}.Release|Any CPU.ActiveCfg = Release|Any CPU
		{DAE2FA1F-135A-4B19-AACB-27DCA82D8A95}.Release|Any CPU.Build.0 = Release|Any CPU
	EndGlobalSection
EndGlobal
